
Microsoft Visual Studio Solution File, Format Version 12.00
# Visual Studio Version 16
VisualStudioVersion = 16.0.31911.196
MinimumVisualStudioVersion = 10.0.40219.1
Project("{FAE04EC0-301F-11D3-BF4B-00C04F79EFBC}") = "Serializer", "Serializer.csproj", "{DF9E6B31-C09A-434A-A351-49A1778AEFA2}"
EndProject
Project("{FAE04EC0-301F-11D3-BF4B-00C04F79EFBC}") = "JSON_Serialization", "..\JSON_Serialization\JSON_Serialization.csproj", "{50F3F53F-AA58-4EB2-8251-B082C7C7E025}"
EndProject
Global
	GlobalSection(SolutionConfigurationPlatforms) = preSolution
		Debug|Any CPU = Debug|Any CPU
		Release|Any CPU = Release|Any CPU
	EndGlobalSection
	GlobalSection(ProjectConfigurationPlatforms) = postSolution
		{DF9E6B31-C09A-434A-A351-49A1778AEFA2}.Debug|Any CPU.ActiveCfg = Debug|Any CPU
		{DF9E6B31-C09A-434A-A351-49A1778AEFA2}.Debug|Any CPU.Build.0 = Debug|Any CPU
		{DF9E6B31-C09A-434A-A351-49A1778AEFA2}.Release|Any CPU.ActiveCfg = Release|Any CPU
		{DF9E6B31-C09A-434A-A351-49A1778AEFA2}.Release|Any CPU.Build.0 = Release|Any CPU
		{50F3F53F-AA58-4EB2-8251-B082C7C7E025}.Debug|Any CPU.ActiveCfg = Debug|Any CPU
		{50F3F53F-AA58-4EB2-8251-B082C7C7E025}.Debug|Any CPU.Build.0 = Debug|Any CPU
		{50F3F53F-AA58-4EB2-8251-B082C7C7E025}.Release|Any CPU.ActiveCfg = Release|Any CPU
		{50F3F53F-AA58-4EB2-8251-B082C7C7E025}.Release|Any CPU.Build.0 = Release|Any CPU
	EndGlobalSection
	GlobalSection(SolutionProperties) = preSolution
		HideSolutionNode = FALSE
	EndGlobalSection
	GlobalSection(ExtensibilityGlobals) = postSolution
		SolutionGuid = {2C75F58D-B45D-4809-8CEA-5B8AF6925999}
	EndGlobalSection
EndGlobal
