
Microsoft Visual Studio Solution File, Format Version 12.00
# Visual Studio Version 16
VisualStudioVersion = 16.0.31911.196
MinimumVisualStudioVersion = 10.0.40219.1
Project("{FAE04EC0-301F-11D3-BF4B-00C04F79EFBC}") = "SweetnSaltyConsoleAssignment", "SweetnSaltyConsoleAssignment.csproj", "{10FEA4B9-71CE-445E-BD1A-18BE2AAE069B}"
EndProject
Global
	GlobalSection(SolutionConfigurationPlatforms) = preSolution
		Debug|Any CPU = Debug|Any CPU
		Release|Any CPU = Release|Any CPU
	EndGlobalSection
	GlobalSection(ProjectConfigurationPlatforms) = postSolution
		{10FEA4B9-71CE-445E-BD1A-18BE2AAE069B}.Debug|Any CPU.ActiveCfg = Debug|Any CPU
		{10FEA4B9-71CE-445E-BD1A-18BE2AAE069B}.Debug|Any CPU.Build.0 = Debug|Any CPU
		{10FEA4B9-71CE-445E-BD1A-18BE2AAE069B}.Release|Any CPU.ActiveCfg = Release|Any CPU
		{10FEA4B9-71CE-445E-BD1A-18BE2AAE069B}.Release|Any CPU.Build.0 = Release|Any CPU
	EndGlobalSection
	GlobalSection(SolutionProperties) = preSolution
		HideSolutionNode = FALSE
	EndGlobalSection
	GlobalSection(ExtensibilityGlobals) = postSolution
		SolutionGuid = {49C5E3C5-61E3-436C-9862-34A7E688952E}
	EndGlobalSection
EndGlobal
